// !$*UTF8*$!
{
	archiveVersion = 1;
	classes = {
	};
	objectVersion = 55;
	objects = {

/* Begin PBXBuildFile section */
		93749A63293D576C00A055DC /* MainViewController.swift in Sources */ = {isa = PBXBuildFile; fileRef = 93749A62293D576C00A055DC /* MainViewController.swift */; };
		9378986129380FF0003F2929 /* AppDelegate.swift in Sources */ = {isa = PBXBuildFile; fileRef = 9378986029380FF0003F2929 /* AppDelegate.swift */; };
		9378986C29380FF0003F2929 /* Main.storyboard in Resources */ = {isa = PBXBuildFile; fileRef = 9378986A29380FF0003F2929 /* Main.storyboard */; };
		9378986E29380FF2003F2929 /* Assets.xcassets in Resources */ = {isa = PBXBuildFile; fileRef = 9378986D29380FF2003F2929 /* Assets.xcassets */; };
		9378987129380FF2003F2929 /* LaunchScreen.storyboard in Resources */ = {isa = PBXBuildFile; fileRef = 9378986F29380FF2003F2929 /* LaunchScreen.storyboard */; };
		937898782938117E003F2929 /* WinterViewController.swift in Sources */ = {isa = PBXBuildFile; fileRef = 937898772938117E003F2929 /* WinterViewController.swift */; };
		9378987C29381F54003F2929 /* WinterParticleScene.swift in Sources */ = {isa = PBXBuildFile; fileRef = 9378987B29381F54003F2929 /* WinterParticleScene.swift */; };
		9378987E29382B4D003F2929 /* Snow.sks in Resources */ = {isa = PBXBuildFile; fileRef = 9378987D29382B4D003F2929 /* Snow.sks */; };
		938AFA5E293974E10086320D /* LightsViewController.swift in Sources */ = {isa = PBXBuildFile; fileRef = 938AFA5D293974E10086320D /* LightsViewController.swift */; };
		9393F8B1293A27C50079E2E9 /* Lights.sks in Resources */ = {isa = PBXBuildFile; fileRef = 9393F8B0293A27C50079E2E9 /* Lights.sks */; };
		9393F8B5293A29F50079E2E9 /* LightsParticleScene.swift in Sources */ = {isa = PBXBuildFile; fileRef = 9393F8B4293A29F50079E2E9 /* LightsParticleScene.swift */; };
		93A46512293AA14300D31D6D /* Smoke.sks in Resources */ = {isa = PBXBuildFile; fileRef = 93A46511293AA14300D31D6D /* Smoke.sks */; };
/* End PBXBuildFile section */

/* Begin PBXFileReference section */
		93749A62293D576C00A055DC /* MainViewController.swift */ = {isa = PBXFileReference; lastKnownFileType = sourcecode.swift; path = MainViewController.swift; sourceTree = "<group>"; };
		9378985D29380FF0003F2929 /* testParticles.app */ = {isa = PBXFileReference; explicitFileType = wrapper.application; includeInIndex = 0; path = testParticles.app; sourceTree = BUILT_PRODUCTS_DIR; };
		9378986029380FF0003F2929 /* AppDelegate.swift */ = {isa = PBXFileReference; lastKnownFileType = sourcecode.swift; path = AppDelegate.swift; sourceTree = "<group>"; };
		9378986B29380FF0003F2929 /* Base */ = {isa = PBXFileReference; lastKnownFileType = file.storyboard; name = Base; path = Base.lproj/Main.storyboard; sourceTree = "<group>"; };
		9378986D29380FF2003F2929 /* Assets.xcassets */ = {isa = PBXFileReference; lastKnownFileType = folder.assetcatalog; path = Assets.xcassets; sourceTree = "<group>"; };
		9378987029380FF2003F2929 /* Base */ = {isa = PBXFileReference; lastKnownFileType = file.storyboard; name = Base; path = Base.lproj/LaunchScreen.storyboard; sourceTree = "<group>"; };
		937898772938117E003F2929 /* WinterViewController.swift */ = {isa = PBXFileReference; lastKnownFileType = sourcecode.swift; path = WinterViewController.swift; sourceTree = "<group>"; };
		9378987B29381F54003F2929 /* WinterParticleScene.swift */ = {isa = PBXFileReference; lastKnownFileType = sourcecode.swift; path = WinterParticleScene.swift; sourceTree = "<group>"; };
		9378987D29382B4D003F2929 /* Snow.sks */ = {isa = PBXFileReference; lastKnownFileType = file.sks; path = Snow.sks; sourceTree = "<group>"; };
		938AFA5D293974E10086320D /* LightsViewController.swift */ = {isa = PBXFileReference; lastKnownFileType = sourcecode.swift; path = LightsViewController.swift; sourceTree = "<group>"; };
		9393F8B0293A27C50079E2E9 /* Lights.sks */ = {isa = PBXFileReference; lastKnownFileType = file.sks; path = Lights.sks; sourceTree = "<group>"; };
		9393F8B4293A29F50079E2E9 /* LightsParticleScene.swift */ = {isa = PBXFileReference; lastKnownFileType = sourcecode.swift; path = LightsParticleScene.swift; sourceTree = "<group>"; };
		93A46511293AA14300D31D6D /* Smoke.sks */ = {isa = PBXFileReference; lastKnownFileType = file.sks; path = Smoke.sks; sourceTree = "<group>"; };
/* End PBXFileReference section */

/* Begin PBXFrameworksBuildPhase section */
		9378985A29380FF0003F2929 /* Frameworks */ = {
			isa = PBXFrameworksBuildPhase;
			buildActionMask = 2147483647;
			files = (
			);
			runOnlyForDeploymentPostprocessing = 0;
		};
/* End PBXFrameworksBuildPhase section */

/* Begin PBXGroup section */
		9378985429380FF0003F2929 = {
			isa = PBXGroup;
			children = (
				9378985F29380FF0003F2929 /* testParticles */,
				9378985E29380FF0003F2929 /* Products */,
			);
			sourceTree = "<group>";
		};
		9378985E29380FF0003F2929 /* Products */ = {
			isa = PBXGroup;
			children = (
				9378985D29380FF0003F2929 /* testParticles.app */,
			);
			name = Products;
			sourceTree = "<group>";
		};
		9378985F29380FF0003F2929 /* testParticles */ = {
			isa = PBXGroup;
			children = (
				9378986029380FF0003F2929 /* AppDelegate.swift */,
				9393F8B2293A29110079E2E9 /* Snow */,
				93749A62293D576C00A055DC /* MainViewController.swift */,
				9393F8B3293A29C40079E2E9 /* Lights */,
				9378986A29380FF0003F2929 /* Main.storyboard */,
				9378986D29380FF2003F2929 /* Assets.xcassets */,
				9378986F29380FF2003F2929 /* LaunchScreen.storyboard */,
			);
			path = testParticles;
			sourceTree = "<group>";
		};
		9393F8B2293A29110079E2E9 /* Snow */ = {
			isa = PBXGroup;
			children = (
				9378987D29382B4D003F2929 /* Snow.sks */,
				93A46511293AA14300D31D6D /* Smoke.sks */,
				9378987B29381F54003F2929 /* WinterParticleScene.swift */,
				937898772938117E003F2929 /* WinterViewController.swift */,
			);
			path = Snow;
			sourceTree = "<group>";
		};
		9393F8B3293A29C40079E2E9 /* Lights */ = {
			isa = PBXGroup;
			children = (
				9393F8B0293A27C50079E2E9 /* Lights.sks */,
				9393F8B4293A29F50079E2E9 /* LightsParticleScene.swift */,
				938AFA5D293974E10086320D /* LightsViewController.swift */,
			);
			path = Lights;
			sourceTree = "<group>";
		};
/* End PBXGroup section */

/* Begin PBXNativeTarget section */
		9378985C29380FF0003F2929 /* testParticles */ = {
			isa = PBXNativeTarget;
			buildConfigurationList = 9378987429380FF2003F2929 /* Build configuration list for PBXNativeTarget "testParticles" */;
			buildPhases = (
				9378985929380FF0003F2929 /* Sources */,
				9378985A29380FF0003F2929 /* Frameworks */,
				9378985B29380FF0003F2929 /* Resources */,
			);
			buildRules = (
			);
			dependencies = (
			);
			name = testParticles;
			productName = testParticles;
			productReference = 9378985D29380FF0003F2929 /* testParticles.app */;
			productType = "com.apple.product-type.application";
		};
/* End PBXNativeTarget section */

/* Begin PBXProject section */
		9378985529380FF0003F2929 /* Project object */ = {
			isa = PBXProject;
			attributes = {
				BuildIndependentTargetsInParallel = 1;
				LastSwiftUpdateCheck = 1320;
				LastUpgradeCheck = 1320;
				TargetAttributes = {
					9378985C29380FF0003F2929 = {
						CreatedOnToolsVersion = 13.2.1;
					};
				};
			};
			buildConfigurationList = 9378985829380FF0003F2929 /* Build configuration list for PBXProject "testParticles" */;
			compatibilityVersion = "Xcode 13.0";
			developmentRegion = en;
			hasScannedForEncodings = 0;
			knownRegions = (
				en,
				Base,
			);
			mainGroup = 9378985429380FF0003F2929;
			productRefGroup = 9378985E29380FF0003F2929 /* Products */;
			projectDirPath = "";
			projectRoot = "";
			targets = (
				9378985C29380FF0003F2929 /* testParticles */,
			);
		};
/* End PBXProject section */

/* Begin PBXResourcesBuildPhase section */
		9378985B29380FF0003F2929 /* Resources */ = {
			isa = PBXResourcesBuildPhase;
			buildActionMask = 2147483647;
			files = (
				9378986C29380FF0003F2929 /* Main.storyboard in Resources */,
				93A46512293AA14300D31D6D /* Smoke.sks in Resources */,
				9378986E29380FF2003F2929 /* Assets.xcassets in Resources */,
				9378987129380FF2003F2929 /* LaunchScreen.storyboard in Resources */,
				9393F8B1293A27C50079E2E9 /* Lights.sks in Resources */,
				9378987E29382B4D003F2929 /* Snow.sks in Resources */,
			);
			runOnlyForDeploymentPostprocessing = 0;
		};
/* End PBXResourcesBuildPhase section */

/* Begin PBXSourcesBuildPhase section */
		9378985929380FF0003F2929 /* Sources */ = {
			isa = PBXSourcesBuildPhase;
			buildActionMask = 2147483647;
			files = (
				9393F8B5293A29F50079E2E9 /* LightsParticleScene.swift in Sources */,
				9378987C29381F54003F2929 /* WinterParticleScene.swift in Sources */,
				938AFA5E293974E10086320D /* LightsViewController.swift in Sources */,
				93749A63293D576C00A055DC /* MainViewController.swift in Sources */,
				937898782938117E003F2929 /* WinterViewController.swift in Sources */,
				9378986129380FF0003F2929 /* AppDelegate.swift in Sources */,
			);
			runOnlyForDeploymentPostprocessing = 0;
		};
/* End PBXSourcesBuildPhase section */

/* Begin PBXVariantGroup section */
		9378986A29380FF0003F2929 /* Main.storyboard */ = {
			isa = PBXVariantGroup;
			children = (
				9378986B29380FF0003F2929 /* Base */,
			);
			name = Main.storyboard;
			sourceTree = "<group>";
		};
		9378986F29380FF2003F2929 /* LaunchScreen.storyboard */ = {
			isa = PBXVariantGroup;
			children = (
				9378987029380FF2003F2929 /* Base */,
			);
			name = LaunchScreen.storyboard;
			sourceTree = "<group>";
		};
/* End PBXVariantGroup section */

/* Begin XCBuildConfiguration section */
		9378987229380FF2003F2929 /* Debug */ = {
			isa = XCBuildConfiguration;
			buildSettings = {
				ALWAYS_SEARCH_USER_PATHS = NO;
				CLANG_ANALYZER_NONNULL = YES;
				CLANG_ANALYZER_NUMBER_OBJECT_CONVERSION = YES_AGGRESSIVE;
				CLANG_CXX_LANGUAGE_STANDARD = "gnu++17";
				CLANG_CXX_LIBRARY = "libc++";
				CLANG_ENABLE_MODULES = YES;
				CLANG_ENABLE_OBJC_ARC = YES;
				CLANG_ENABLE_OBJC_WEAK = YES;
				CLANG_WARN_BLOCK_CAPTURE_AUTORELEASING = YES;
				CLANG_WARN_BOOL_CONVERSION = YES;
				CLANG_WARN_COMMA = YES;
				CLANG_WARN_CONSTANT_CONVERSION = YES;
				CLANG_WARN_DEPRECATED_OBJC_IMPLEMENTATIONS = YES;
				CLANG_WARN_DIRECT_OBJC_ISA_USAGE = YES_ERROR;
				CLANG_WARN_DOCUMENTATION_COMMENTS = YES;
				CLANG_WARN_EMPTY_BODY = YES;
				CLANG_WARN_ENUM_CONVERSION = YES;
				CLANG_WARN_INFINITE_RECURSION = YES;
				CLANG_WARN_INT_CONVERSION = YES;
				CLANG_WARN_NON_LITERAL_NULL_CONVERSION = YES;
				CLANG_WARN_OBJC_IMPLICIT_RETAIN_SELF = YES;
				CLANG_WARN_OBJC_LITERAL_CONVERSION = YES;
				CLANG_WARN_OBJC_ROOT_CLASS = YES_ERROR;
				CLANG_WARN_QUOTED_INCLUDE_IN_FRAMEWORK_HEADER = YES;
				CLANG_WARN_RANGE_LOOP_ANALYSIS = YES;
				CLANG_WARN_STRICT_PROTOTYPES = YES;
				CLANG_WARN_SUSPICIOUS_MOVE = YES;
				CLANG_WARN_UNGUARDED_AVAILABILITY = YES_AGGRESSIVE;
				CLANG_WARN_UNREACHABLE_CODE = YES;
				CLANG_WARN__DUPLICATE_METHOD_MATCH = YES;
				COPY_PHASE_STRIP = NO;
				DEBUG_INFORMATION_FORMAT = dwarf;
				ENABLE_STRICT_OBJC_MSGSEND = YES;
				ENABLE_TESTABILITY = YES;
				GCC_C_LANGUAGE_STANDARD = gnu11;
				GCC_DYNAMIC_NO_PIC = NO;
				GCC_NO_COMMON_BLOCKS = YES;
				GCC_OPTIMIZATION_LEVEL = 0;
				GCC_PREPROCESSOR_DEFINITIONS = (
					"DEBUG=1",
					"$(inherited)",
				);
				GCC_WARN_64_TO_32_BIT_CONVERSION = YES;
				GCC_WARN_ABOUT_RETURN_TYPE = YES_ERROR;
				GCC_WARN_UNDECLARED_SELECTOR = YES;
				GCC_WARN_UNINITIALIZED_AUTOS = YES_AGGRESSIVE;
				GCC_WARN_UNUSED_FUNCTION = YES;
				GCC_WARN_UNUSED_VARIABLE = YES;
				IPHONEOS_DEPLOYMENT_TARGET = 15.2;
				MTL_ENABLE_DEBUG_INFO = INCLUDE_SOURCE;
				MTL_FAST_MATH = YES;
				ONLY_ACTIVE_ARCH = YES;
				SDKROOT = iphoneos;
				SWIFT_ACTIVE_COMPILATION_CONDITIONS = DEBUG;
				SWIFT_OPTIMIZATION_LEVEL = "-Onone";
			};
			name = Debug;
		};
		9378987329380FF2003F2929 /* Release */ = {
			isa = XCBuildConfiguration;
			buildSettings = {
				ALWAYS_SEARCH_USER_PATHS = NO;
				CLANG_ANALYZER_NONNULL = YES;
				CLANG_ANALYZER_NUMBER_OBJECT_CONVERSION = YES_AGGRESSIVE;
				CLANG_CXX_LANGUAGE_STANDARD = "gnu++17";
				CLANG_CXX_LIBRARY = "libc++";
				CLANG_ENABLE_MODULES = YES;
				CLANG_ENABLE_OBJC_ARC = YES;
				CLANG_ENABLE_OBJC_WEAK = YES;
				CLANG_WARN_BLOCK_CAPTURE_AUTORELEASING = YES;
				CLANG_WARN_BOOL_CONVERSION = YES;
				CLANG_WARN_COMMA = YES;
				CLANG_WARN_CONSTANT_CONVERSION = YES;
				CLANG_WARN_DEPRECATED_OBJC_IMPLEMENTATIONS = YES;
				CLANG_WARN_DIRECT_OBJC_ISA_USAGE = YES_ERROR;
				CLANG_WARN_DOCUMENTATION_COMMENTS = YES;
				CLANG_WARN_EMPTY_BODY = YES;
				CLANG_WARN_ENUM_CONVERSION = YES;
				CLANG_WARN_INFINITE_RECURSION = YES;
				CLANG_WARN_INT_CONVERSION = YES;
				CLANG_WARN_NON_LITERAL_NULL_CONVERSION = YES;
				CLANG_WARN_OBJC_IMPLICIT_RETAIN_SELF = YES;
				CLANG_WARN_OBJC_LITERAL_CONVERSION = YES;
				CLANG_WARN_OBJC_ROOT_CLASS = YES_ERROR;
				CLANG_WARN_QUOTED_INCLUDE_IN_FRAMEWORK_HEADER = YES;
				CLANG_WARN_RANGE_LOOP_ANALYSIS = YES;
				CLANG_WARN_STRICT_PROTOTYPES = YES;
				CLANG_WARN_SUSPICIOUS_MOVE = YES;
				CLANG_WARN_UNGUARDED_AVAILABILITY = YES_AGGRESSIVE;
				CLANG_WARN_UNREACHABLE_CODE = YES;
				CLANG_WARN__DUPLICATE_METHOD_MATCH = YES;
				COPY_PHASE_STRIP = NO;
				DEBUG_INFORMATION_FORMAT = "dwarf-with-dsym";
				ENABLE_NS_ASSERTIONS = NO;
				ENABLE_STRICT_OBJC_MSGSEND = YES;
				GCC_C_LANGUAGE_STANDARD = gnu11;
				GCC_NO_COMMON_BLOCKS = YES;
				GCC_WARN_64_TO_32_BIT_CONVERSION = YES;
				GCC_WARN_ABOUT_RETURN_TYPE = YES_ERROR;
				GCC_WARN_UNDECLARED_SELECTOR = YES;
				GCC_WARN_UNINITIALIZED_AUTOS = YES_AGGRESSIVE;
				GCC_WARN_UNUSED_FUNCTION = YES;
				GCC_WARN_UNUSED_VARIABLE = YES;
				IPHONEOS_DEPLOYMENT_TARGET = 15.2;
				MTL_ENABLE_DEBUG_INFO = NO;
				MTL_FAST_MATH = YES;
				SDKROOT = iphoneos;
				SWIFT_COMPILATION_MODE = wholemodule;
				SWIFT_OPTIMIZATION_LEVEL = "-O";
				VALIDATE_PRODUCT = YES;
			};
			name = Release;
		};
		9378987529380FF2003F2929 /* Debug */ = {
			isa = XCBuildConfiguration;
			buildSettings = {
				ASSETCATALOG_COMPILER_APPICON_NAME = AppIcon;
				ASSETCATALOG_COMPILER_GLOBAL_ACCENT_COLOR_NAME = AccentColor;
				CODE_SIGN_STYLE = Automatic;
				CURRENT_PROJECT_VERSION = 1;
				GENERATE_INFOPLIST_FILE = YES;
				INFOPLIST_KEY_UIApplicationSupportsIndirectInputEvents = YES;
				INFOPLIST_KEY_UILaunchStoryboardName = LaunchScreen;
				INFOPLIST_KEY_UIMainStoryboardFile = Main;
				INFOPLIST_KEY_UIStatusBarHidden = YES;
				INFOPLIST_KEY_UISupportedInterfaceOrientations_iPad = "UIInterfaceOrientationPortrait UIInterfaceOrientationPortraitUpsideDown UIInterfaceOrientationLandscapeLeft UIInterfaceOrientationLandscapeRight";
				INFOPLIST_KEY_UISupportedInterfaceOrientations_iPhone = "UIInterfaceOrientationPortrait UIInterfaceOrientationLandscapeLeft UIInterfaceOrientationLandscapeRight";
				LD_RUNPATH_SEARCH_PATHS = (
					"$(inherited)",
					"@executable_path/Frameworks",
				);
				MARKETING_VERSION = 1.0;
				PRODUCT_BUNDLE_IDENTIFIER = Vlad.testParticles;
				PRODUCT_NAME = "$(TARGET_NAME)";
				SWIFT_EMIT_LOC_STRINGS = YES;
				SWIFT_VERSION = 5.0;
				TARGETED_DEVICE_FAMILY = "1,2";
			};
			name = Debug;
		};
		9378987629380FF2003F2929 /* Release */ = {
			isa = XCBuildConfiguration;
			buildSettings = {
				ASSETCATALOG_COMPILER_APPICON_NAME = AppIcon;
				ASSETCATALOG_COMPILER_GLOBAL_ACCENT_COLOR_NAME = AccentColor;
				CODE_SIGN_STYLE = Automatic;
				CURRENT_PROJECT_VERSION = 1;
				GENERATE_INFOPLIST_FILE = YES;
				INFOPLIST_KEY_UIApplicationSupportsIndirectInputEvents = YES;
				INFOPLIST_KEY_UILaunchStoryboardName = LaunchScreen;
				INFOPLIST_KEY_UIMainStoryboardFile = Main;
				INFOPLIST_KEY_UIStatusBarHidden = YES;
				INFOPLIST_KEY_UISupportedInterfaceOrientations_iPad = "UIInterfaceOrientationPortrait UIInterfaceOrientationPortraitUpsideDown UIInterfaceOrientationLandscapeLeft UIInterfaceOrientationLandscapeRight";
				INFOPLIST_KEY_UISupportedInterfaceOrientations_iPhone = "UIInterfaceOrientationPortrait UIInterfaceOrientationLandscapeLeft UIInterfaceOrientationLandscapeRight";
				LD_RUNPATH_SEARCH_PATHS = (
					"$(inherited)",
					"@executable_path/Frameworks",
				);
				MARKETING_VERSION = 1.0;
				PRODUCT_BUNDLE_IDENTIFIER = Vlad.testParticles;
				PRODUCT_NAME = "$(TARGET_NAME)";
				SWIFT_EMIT_LOC_STRINGS = YES;
				SWIFT_VERSION = 5.0;
				TARGETED_DEVICE_FAMILY = "1,2";
			};
			name = Release;
		};
/* End XCBuildConfiguration section */

/* Begin XCConfigurationList section */
		9378985829380FF0003F2929 /* Build configuration list for PBXProject "testParticles" */ = {
			isa = XCConfigurationList;
			buildConfigurations = (
				9378987229380FF2003F2929 /* Debug */,
				9378987329380FF2003F2929 /* Release */,
			);
			defaultConfigurationIsVisible = 0;
			defaultConfigurationName = Release;
		};
		9378987429380FF2003F2929 /* Build configuration list for PBXNativeTarget "testParticles" */ = {
			isa = XCConfigurationList;
			buildConfigurations = (
				9378987529380FF2003F2929 /* Debug */,
				9378987629380FF2003F2929 /* Release */,
			);
			defaultConfigurationIsVisible = 0;
			defaultConfigurationName = Release;
		};
/* End XCConfigurationList section */
	};
	rootObject = 9378985529380FF0003F2929 /* Project object */;
}
